{
  "version": 4,
  "terraform_version": "0.12.26",
  "serial": 3,
  "lineage": "83f6cb03-2efb-06c2-f110-e61acf905dd0",
  "outputs": {},
  "resources": [
    {
      "mode": "managed",
      "type": "aws_instance",
      "name": "example",
      "provider": "provider.aws",
      "instances": [
        {
          "schema_version": 1,
          "attributes": {
            "ami": "ami-0447a12f28fddb066",
            "arn": "arn:aws:ec2:ap-south-1:892664583329:instance/i-0447655b878d8e26b",
            "associate_public_ip_address": true,
            "availability_zone": "ap-south-1a",
            "cpu_core_count": 1,
            "cpu_threads_per_core": 1,
            "credit_specification": [
              {
                "cpu_credits": "standard"
              }
            ],
            "disable_api_termination": false,
            "ebs_block_device": [],
            "ebs_optimized": false,
            "ephemeral_block_device": [],
            "get_password_data": false,
            "hibernation": false,
            "host_id": null,
            "iam_instance_profile": "",
            "id": "i-0447655b878d8e26b",
            "instance_initiated_shutdown_behavior": null,
            "instance_state": "running",
            "instance_type": "t2.micro",
            "ipv6_address_count": 0,
            "ipv6_addresses": [],
            "key_name": "terraformkey",
            "metadata_options": [
              {
                "http_endpoint": "enabled",
                "http_put_response_hop_limit": 1,
                "http_tokens": "optional"
              }
            ],
            "monitoring": false,
            "network_interface": [],
            "network_interface_id": null,
            "outpost_arn": "",
            "password_data": "",
            "placement_group": "",
            "primary_network_interface_id": "eni-0271e432b6de3e5ed",
            "private_dns": "ip-172-31-40-32.ap-south-1.compute.internal",
            "private_ip": "172.31.40.32",
            "public_dns": "ec2-15-206-158-250.ap-south-1.compute.amazonaws.com",
            "public_ip": "15.206.158.250",
            "root_block_device": [
              {
                "delete_on_termination": true,
                "device_name": "/dev/xvda",
                "encrypted": false,
                "iops": 100,
                "kms_key_id": "",
                "volume_id": "vol-0b621cfead63aa092",
                "volume_size": 8,
                "volume_type": "gp2"
              }
            ],
            "security_groups": [
              "default"
            ],
            "source_dest_check": true,
            "subnet_id": "subnet-43cff22b",
            "tags": null,
            "tenancy": "default",
            "timeouts": null,
            "user_data": null,
            "user_data_base64": null,
            "volume_tags": {},
            "vpc_security_group_ids": [
              "sg-06b5d365"
            ]
          },
          "private": "eyJlMmJmYjczMC1lY2FhLTExZTYtOGY4OC0zNDM2M2JjN2M0YzAiOnsiY3JlYXRlIjo2MDAwMDAwMDAwMDAsImRlbGV0ZSI6MTIwMDAwMDAwMDAwMCwidXBkYXRlIjo2MDAwMDAwMDAwMDB9LCJzY2hlbWFfdmVyc2lvbiI6IjEifQ==",
          "dependencies": [
            "aws_key_pair.example"
          ]
        }
      ]
    },
    {
      "mode": "managed",
      "type": "aws_key_pair",
      "name": "example",
      "provider": "provider.aws",
      "instances": [
        {
          "schema_version": 1,
          "attributes": {
            "fingerprint": "52:28:74:59:d6:8b:04:0b:d4:75:ae:67:8c:e6:4b:cb",
            "id": "terraformkey",
            "key_name": "terraformkey",
            "key_name_prefix": null,
            "key_pair_id": "key-0e96f9462fc968ae2",
            "public_key": "ssh-rsa AAAAB3NzaC1yc2EAAAADAQABAAABAQDarcBU32a+NGvAGPNo69EdoGUq+enlZBJcw5qczUAEBTrgPARXphG3DYWLqJS6H8S/o0XbqaN+MdSHezEzNA8/ZHBJC5VVCCMHNbuXqk4PNyyY0e935ghNjGQU5I8zSIhMWazteXW/27X1wmfpeeXsVvUgm5VYhGzq40uDAByDCpHhG/0docn3/t1w5+3SYZpla7DWt2xviwqyTSPHJy5axXaXYuVx3Xw3qRJZ58ualfjD1iqO8J8ZkuXgelv87FLtRpzzbvhjU77FScmdVeLKLuTTyWwEAhjaJbsynarEYCjyatJnOWQ/VcngWNkJ7w17KMqhBIpUElglavJ+FIPx root@ip-172-31-6-87.ap-south-1.compute.internal",
            "tags": null
          },
          "private": "eyJzY2hlbWFfdmVyc2lvbiI6IjEifQ=="
        }
      ]
    }
  ]
}
