{
    "version": 3,
    "terraform_version": "0.11.14",
    "serial": 5,
    "lineage": "c180f08b-0e66-5854-546c-32c03ccfdd37",
    "modules": [
        {
            "path": [
                "root"
            ],
            "outputs": {
                "rds_prod_endpoint": {
                    "sensitive": false,
                    "type": "string",
                    "value": "demo-prod-rds.ceu4zo7yxcta.ap-south-1.rds.amazonaws.com:3306"
                }
            },
            "resources": {
                "aws_db_instance.prod": {
                    "type": "aws_db_instance",
                    "depends_on": [
                        "aws_db_subnet_group.rds_subnet_group",
                        "aws_security_group.rds-prod"
                    ],
                    "primary": {
                        "id": "demo-prod-rds",
                        "attributes": {
                            "address": "demo-prod-rds.ceu4zo7yxcta.ap-south-1.rds.amazonaws.com",
                            "allocated_storage": "20",
                            "arn": "arn:aws:rds:ap-south-1:892664583329:db:demo-prod-rds",
                            "auto_minor_version_upgrade": "true",
                            "availability_zone": "ap-south-1b",
                            "backup_retention_period": "7",
                            "backup_window": "21:51-22:21",
                            "ca_cert_identifier": "rds-ca-2019",
                            "copy_tags_to_snapshot": "false",
                            "db_subnet_group_name": "demo_aurora_db_subnet_group",
                            "delete_automated_backups": "true",
                            "deletion_protection": "false",
                            "domain": "",
                            "domain_iam_role_name": "",
                            "enabled_cloudwatch_logs_exports.#": "0",
                            "endpoint": "demo-prod-rds.ceu4zo7yxcta.ap-south-1.rds.amazonaws.com:3306",
                            "engine": "mysql",
                            "engine_version": "5.7.17",
                            "hosted_zone_id": "Z2VFMSZA74J7XZ",
                            "iam_database_authentication_enabled": "false",
                            "id": "demo-prod-rds",
                            "identifier": "demo-prod-rds",
                            "instance_class": "db.t2.micro",
                            "iops": "0",
                            "kms_key_id": "",
                            "license_model": "general-public-license",
                            "maintenance_window": "sun:07:46-sun:08:16",
                            "max_allocated_storage": "0",
                            "monitoring_interval": "0",
                            "monitoring_role_arn": "",
                            "multi_az": "true",
                            "name": "",
                            "option_group_name": "default:mysql-5-7",
                            "parameter_group_name": "default.mysql5.7",
                            "password": "test123#$",
                            "performance_insights_enabled": "false",
                            "performance_insights_kms_key_id": "",
                            "performance_insights_retention_period": "0",
                            "port": "3306",
                            "publicly_accessible": "true",
                            "replicas.#": "0",
                            "replicate_source_db": "",
                            "resource_id": "db-PIOGQZABQM7MKD567LIPBZVE3U",
                            "security_group_names.#": "0",
                            "skip_final_snapshot": "false",
                            "status": "available",
                            "storage_encrypted": "false",
                            "storage_type": "gp2",
                            "tags.%": "0",
                            "timezone": "",
                            "username": "test",
                            "vpc_security_group_ids.#": "1",
                            "vpc_security_group_ids.1089006819": "sg-02ae75f990fca8c0b"
                        },
                        "meta": {
                            "e2bfb730-ecaa-11e6-8f88-34363bc7c4c0": {
                                "create": 2400000000000,
                                "delete": 2400000000000,
                                "update": 4800000000000
                            },
                            "schema_version": "1"
                        },
                        "tainted": false
                    },
                    "deposed": [],
                    "provider": "provider.aws"
                },
                "aws_db_subnet_group.rds_subnet_group": {
                    "type": "aws_db_subnet_group",
                    "depends_on": [],
                    "primary": {
                        "id": "demo_aurora_db_subnet_group",
                        "attributes": {
                            "arn": "arn:aws:rds:ap-south-1:892664583329:subgrp:demo_aurora_db_subnet_group",
                            "description": "Allowed subnets for Aurora DB cluster instances",
                            "id": "demo_aurora_db_subnet_group",
                            "name": "demo_aurora_db_subnet_group",
                            "subnet_ids.#": "2",
                            "subnet_ids.2507780900": "subnet-04a15082c97c2cc84",
                            "subnet_ids.64143623": "subnet-03d46bd3114669192",
                            "tags.%": "1",
                            "tags.Name": "demo-rds-Subnet-Group"
                        },
                        "meta": {},
                        "tainted": false
                    },
                    "deposed": [],
                    "provider": "provider.aws"
                },
                "aws_security_group.rds-prod": {
                    "type": "aws_security_group",
                    "depends_on": [],
                    "primary": {
                        "id": "sg-02ae75f990fca8c0b",
                        "attributes": {
                            "arn": "arn:aws:ec2:ap-south-1:892664583329:security-group/sg-02ae75f990fca8c0b",
                            "description": "Managed by Terraform",
                            "egress.#": "1",
                            "egress.482069346.cidr_blocks.#": "1",
                            "egress.482069346.cidr_blocks.0": "0.0.0.0/0",
                            "egress.482069346.description": "",
                            "egress.482069346.from_port": "0",
                            "egress.482069346.ipv6_cidr_blocks.#": "0",
                            "egress.482069346.prefix_list_ids.#": "0",
                            "egress.482069346.protocol": "-1",
                            "egress.482069346.security_groups.#": "0",
                            "egress.482069346.self": "false",
                            "egress.482069346.to_port": "0",
                            "id": "sg-02ae75f990fca8c0b",
                            "ingress.#": "1",
                            "ingress.1163740523.cidr_blocks.#": "1",
                            "ingress.1163740523.cidr_blocks.0": "0.0.0.0/0",
                            "ingress.1163740523.description": "",
                            "ingress.1163740523.from_port": "3306",
                            "ingress.1163740523.ipv6_cidr_blocks.#": "0",
                            "ingress.1163740523.prefix_list_ids.#": "0",
                            "ingress.1163740523.protocol": "tcp",
                            "ingress.1163740523.security_groups.#": "0",
                            "ingress.1163740523.self": "false",
                            "ingress.1163740523.to_port": "3306",
                            "name": "demo-rds-production",
                            "owner_id": "892664583329",
                            "revoke_rules_on_delete": "false",
                            "tags.%": "1",
                            "tags.Name": "demo-rds-production",
                            "vpc_id": "vpc-04a076e7eb4a5b7cf"
                        },
                        "meta": {
                            "e2bfb730-ecaa-11e6-8f88-34363bc7c4c0": {
                                "create": 600000000000,
                                "delete": 600000000000
                            },
                            "schema_version": "1"
                        },
                        "tainted": false
                    },
                    "deposed": [],
                    "provider": "provider.aws"
                }
            },
            "depends_on": []
        }
    ]
}
