{
    "version": 3,
    "terraform_version": "0.11.14",
    "serial": 2,
    "lineage": "2825d645-3b32-80c7-3c11-43dd85c5c5f6",
    "modules": [
        {
            "path": [
                "root"
            ],
            "outputs": {
                "pri_subnet_1": {
                    "sensitive": false,
                    "type": "string",
                    "value": "subnet-03d46bd3114669192"
                },
                "pri_subnet_2": {
                    "sensitive": false,
                    "type": "string",
                    "value": "subnet-04a15082c97c2cc84"
                },
                "pub_subnet_1": {
                    "sensitive": false,
                    "type": "string",
                    "value": "subnet-0c8ce8898ba9d1c00"
                },
                "pub_subnet_2": {
                    "sensitive": false,
                    "type": "string",
                    "value": "subnet-07f2a823397ffc09e"
                },
                "vpc_id": {
                    "sensitive": false,
                    "type": "string",
                    "value": "vpc-04a076e7eb4a5b7cf"
                }
            },
            "resources": {
                "aws_eip.nat_eip": {
                    "type": "aws_eip",
                    "depends_on": [
                        "aws_internet_gateway.igw"
                    ],
                    "primary": {
                        "id": "eipalloc-03f646f9526449766",
                        "attributes": {
                            "association_id": "",
                            "customer_owned_ip": "",
                            "customer_owned_ipv4_pool": "",
                            "domain": "vpc",
                            "id": "eipalloc-03f646f9526449766",
                            "instance": "",
                            "network_interface": "",
                            "private_ip": "",
                            "public_dns": "ec2-15-206-234-158.ap-south-1.compute.amazonaws.com",
                            "public_ip": "15.206.234.158",
                            "public_ipv4_pool": "amazon",
                            "tags.%": "0",
                            "vpc": "true"
                        },
                        "meta": {
                            "e2bfb730-ecaa-11e6-8f88-34363bc7c4c0": {
                                "delete": 180000000000,
                                "read": 900000000000,
                                "update": 300000000000
                            }
                        },
                        "tainted": false
                    },
                    "deposed": [],
                    "provider": "provider.aws"
                },
                "aws_internet_gateway.igw": {
                    "type": "aws_internet_gateway",
                    "depends_on": [
                        "aws_vpc.main"
                    ],
                    "primary": {
                        "id": "igw-0957b096f18a0b71c",
                        "attributes": {
                            "id": "igw-0957b096f18a0b71c",
                            "owner_id": "892664583329",
                            "tags.%": "1",
                            "tags.Name": "demo-vpc-internet-gateway",
                            "vpc_id": "vpc-04a076e7eb4a5b7cf"
                        },
                        "meta": {},
                        "tainted": false
                    },
                    "deposed": [],
                    "provider": "provider.aws"
                },
                "aws_nat_gateway.ngw": {
                    "type": "aws_nat_gateway",
                    "depends_on": [
                        "aws_eip.nat_eip",
                        "aws_internet_gateway.igw",
                        "aws_subnet.public_subnet_1"
                    ],
                    "primary": {
                        "id": "nat-0002d2aaad1e3b5d1",
                        "attributes": {
                            "allocation_id": "eipalloc-03f646f9526449766",
                            "id": "nat-0002d2aaad1e3b5d1",
                            "network_interface_id": "eni-054fb5ad228ff79bd",
                            "private_ip": "10.0.1.107",
                            "public_ip": "15.206.234.158",
                            "subnet_id": "subnet-0c8ce8898ba9d1c00",
                            "tags.%": "1",
                            "tags.Name": "demo-vpc-NAT-gateway"
                        },
                        "meta": {},
                        "tainted": false
                    },
                    "deposed": [],
                    "provider": "provider.aws"
                },
                "aws_route_table.private": {
                    "type": "aws_route_table",
                    "depends_on": [
                        "aws_nat_gateway.ngw",
                        "aws_vpc.main"
                    ],
                    "primary": {
                        "id": "rtb-0bfa03f990820fb35",
                        "attributes": {
                            "id": "rtb-0bfa03f990820fb35",
                            "owner_id": "892664583329",
                            "propagating_vgws.#": "0",
                            "route.#": "1",
                            "route.2675452042.cidr_block": "0.0.0.0/0",
                            "route.2675452042.egress_only_gateway_id": "",
                            "route.2675452042.gateway_id": "",
                            "route.2675452042.instance_id": "",
                            "route.2675452042.ipv6_cidr_block": "",
                            "route.2675452042.nat_gateway_id": "nat-0002d2aaad1e3b5d1",
                            "route.2675452042.network_interface_id": "",
                            "route.2675452042.transit_gateway_id": "",
                            "route.2675452042.vpc_peering_connection_id": "",
                            "tags.%": "1",
                            "tags.Name": "demo-private-route-table",
                            "vpc_id": "vpc-04a076e7eb4a5b7cf"
                        },
                        "meta": {},
                        "tainted": false
                    },
                    "deposed": [],
                    "provider": "provider.aws"
                },
                "aws_route_table.public": {
                    "type": "aws_route_table",
                    "depends_on": [
                        "aws_internet_gateway.igw",
                        "aws_vpc.main"
                    ],
                    "primary": {
                        "id": "rtb-016a8666c92f60293",
                        "attributes": {
                            "id": "rtb-016a8666c92f60293",
                            "owner_id": "892664583329",
                            "propagating_vgws.#": "0",
                            "route.#": "1",
                            "route.174477625.cidr_block": "0.0.0.0/0",
                            "route.174477625.egress_only_gateway_id": "",
                            "route.174477625.gateway_id": "igw-0957b096f18a0b71c",
                            "route.174477625.instance_id": "",
                            "route.174477625.ipv6_cidr_block": "",
                            "route.174477625.nat_gateway_id": "",
                            "route.174477625.network_interface_id": "",
                            "route.174477625.transit_gateway_id": "",
                            "route.174477625.vpc_peering_connection_id": "",
                            "tags.%": "1",
                            "tags.Name": "demo-public-route-table",
                            "vpc_id": "vpc-04a076e7eb4a5b7cf"
                        },
                        "meta": {},
                        "tainted": false
                    },
                    "deposed": [],
                    "provider": "provider.aws"
                },
                "aws_route_table_association.to_private_subnet1": {
                    "type": "aws_route_table_association",
                    "depends_on": [
                        "aws_route_table.private",
                        "aws_subnet.private_subnet_1"
                    ],
                    "primary": {
                        "id": "rtbassoc-0b39f989b3e0a2211",
                        "attributes": {
                            "id": "rtbassoc-0b39f989b3e0a2211",
                            "route_table_id": "rtb-0bfa03f990820fb35",
                            "subnet_id": "subnet-03d46bd3114669192"
                        },
                        "meta": {},
                        "tainted": false
                    },
                    "deposed": [],
                    "provider": "provider.aws"
                },
                "aws_route_table_association.to_private_subnet2": {
                    "type": "aws_route_table_association",
                    "depends_on": [
                        "aws_route_table.private",
                        "aws_subnet.private_subnet_2"
                    ],
                    "primary": {
                        "id": "rtbassoc-01935dab0a62fbc6f",
                        "attributes": {
                            "id": "rtbassoc-01935dab0a62fbc6f",
                            "route_table_id": "rtb-0bfa03f990820fb35",
                            "subnet_id": "subnet-04a15082c97c2cc84"
                        },
                        "meta": {},
                        "tainted": false
                    },
                    "deposed": [],
                    "provider": "provider.aws"
                },
                "aws_route_table_association.to_public_subnet1": {
                    "type": "aws_route_table_association",
                    "depends_on": [
                        "aws_route_table.public",
                        "aws_subnet.public_subnet_1"
                    ],
                    "primary": {
                        "id": "rtbassoc-07f5b3b3234ec4865",
                        "attributes": {
                            "id": "rtbassoc-07f5b3b3234ec4865",
                            "route_table_id": "rtb-016a8666c92f60293",
                            "subnet_id": "subnet-0c8ce8898ba9d1c00"
                        },
                        "meta": {},
                        "tainted": false
                    },
                    "deposed": [],
                    "provider": "provider.aws"
                },
                "aws_route_table_association.to_public_subnet2": {
                    "type": "aws_route_table_association",
                    "depends_on": [
                        "aws_route_table.public",
                        "aws_subnet.public_subnet_2"
                    ],
                    "primary": {
                        "id": "rtbassoc-0d206f3d22e2bc8f1",
                        "attributes": {
                            "id": "rtbassoc-0d206f3d22e2bc8f1",
                            "route_table_id": "rtb-016a8666c92f60293",
                            "subnet_id": "subnet-07f2a823397ffc09e"
                        },
                        "meta": {},
                        "tainted": false
                    },
                    "deposed": [],
                    "provider": "provider.aws"
                },
                "aws_subnet.private_subnet_1": {
                    "type": "aws_subnet",
                    "depends_on": [
                        "aws_vpc.main",
                        "data.aws_availability_zones.available"
                    ],
                    "primary": {
                        "id": "subnet-03d46bd3114669192",
                        "attributes": {
                            "arn": "arn:aws:ec2:ap-south-1:892664583329:subnet/subnet-03d46bd3114669192",
                            "assign_ipv6_address_on_creation": "false",
                            "availability_zone": "ap-south-1a",
                            "availability_zone_id": "aps1-az1",
                            "cidr_block": "10.0.3.0/24",
                            "id": "subnet-03d46bd3114669192",
                            "ipv6_cidr_block": "",
                            "ipv6_cidr_block_association_id": "",
                            "map_public_ip_on_launch": "false",
                            "outpost_arn": "",
                            "owner_id": "892664583329",
                            "tags.%": "1",
                            "tags.Name": "demo-vpc-private-subnet-1",
                            "vpc_id": "vpc-04a076e7eb4a5b7cf"
                        },
                        "meta": {
                            "e2bfb730-ecaa-11e6-8f88-34363bc7c4c0": {
                                "create": 600000000000,
                                "delete": 1200000000000
                            },
                            "schema_version": "1"
                        },
                        "tainted": false
                    },
                    "deposed": [],
                    "provider": "provider.aws"
                },
                "aws_subnet.private_subnet_2": {
                    "type": "aws_subnet",
                    "depends_on": [
                        "aws_vpc.main",
                        "data.aws_availability_zones.available"
                    ],
                    "primary": {
                        "id": "subnet-04a15082c97c2cc84",
                        "attributes": {
                            "arn": "arn:aws:ec2:ap-south-1:892664583329:subnet/subnet-04a15082c97c2cc84",
                            "assign_ipv6_address_on_creation": "false",
                            "availability_zone": "ap-south-1b",
                            "availability_zone_id": "aps1-az3",
                            "cidr_block": "10.0.4.0/24",
                            "id": "subnet-04a15082c97c2cc84",
                            "ipv6_cidr_block": "",
                            "ipv6_cidr_block_association_id": "",
                            "map_public_ip_on_launch": "false",
                            "outpost_arn": "",
                            "owner_id": "892664583329",
                            "tags.%": "1",
                            "tags.Name": "demo-vpc-private-subnet-2",
                            "vpc_id": "vpc-04a076e7eb4a5b7cf"
                        },
                        "meta": {
                            "e2bfb730-ecaa-11e6-8f88-34363bc7c4c0": {
                                "create": 600000000000,
                                "delete": 1200000000000
                            },
                            "schema_version": "1"
                        },
                        "tainted": false
                    },
                    "deposed": [],
                    "provider": "provider.aws"
                },
                "aws_subnet.public_subnet_1": {
                    "type": "aws_subnet",
                    "depends_on": [
                        "aws_vpc.main",
                        "data.aws_availability_zones.available"
                    ],
                    "primary": {
                        "id": "subnet-0c8ce8898ba9d1c00",
                        "attributes": {
                            "arn": "arn:aws:ec2:ap-south-1:892664583329:subnet/subnet-0c8ce8898ba9d1c00",
                            "assign_ipv6_address_on_creation": "false",
                            "availability_zone": "ap-south-1a",
                            "availability_zone_id": "aps1-az1",
                            "cidr_block": "10.0.1.0/24",
                            "id": "subnet-0c8ce8898ba9d1c00",
                            "ipv6_cidr_block": "",
                            "ipv6_cidr_block_association_id": "",
                            "map_public_ip_on_launch": "true",
                            "outpost_arn": "",
                            "owner_id": "892664583329",
                            "tags.%": "1",
                            "tags.Name": "demo-vpc-public-subnet-1",
                            "vpc_id": "vpc-04a076e7eb4a5b7cf"
                        },
                        "meta": {
                            "e2bfb730-ecaa-11e6-8f88-34363bc7c4c0": {
                                "create": 600000000000,
                                "delete": 1200000000000
                            },
                            "schema_version": "1"
                        },
                        "tainted": false
                    },
                    "deposed": [],
                    "provider": "provider.aws"
                },
                "aws_subnet.public_subnet_2": {
                    "type": "aws_subnet",
                    "depends_on": [
                        "aws_vpc.main",
                        "data.aws_availability_zones.available"
                    ],
                    "primary": {
                        "id": "subnet-07f2a823397ffc09e",
                        "attributes": {
                            "arn": "arn:aws:ec2:ap-south-1:892664583329:subnet/subnet-07f2a823397ffc09e",
                            "assign_ipv6_address_on_creation": "false",
                            "availability_zone": "ap-south-1b",
                            "availability_zone_id": "aps1-az3",
                            "cidr_block": "10.0.2.0/24",
                            "id": "subnet-07f2a823397ffc09e",
                            "ipv6_cidr_block": "",
                            "ipv6_cidr_block_association_id": "",
                            "map_public_ip_on_launch": "true",
                            "outpost_arn": "",
                            "owner_id": "892664583329",
                            "tags.%": "1",
                            "tags.Name": "demo-vpc-public-subnet-2",
                            "vpc_id": "vpc-04a076e7eb4a5b7cf"
                        },
                        "meta": {
                            "e2bfb730-ecaa-11e6-8f88-34363bc7c4c0": {
                                "create": 600000000000,
                                "delete": 1200000000000
                            },
                            "schema_version": "1"
                        },
                        "tainted": false
                    },
                    "deposed": [],
                    "provider": "provider.aws"
                },
                "aws_vpc.main": {
                    "type": "aws_vpc",
                    "depends_on": [],
                    "primary": {
                        "id": "vpc-04a076e7eb4a5b7cf",
                        "attributes": {
                            "arn": "arn:aws:ec2:ap-south-1:892664583329:vpc/vpc-04a076e7eb4a5b7cf",
                            "assign_generated_ipv6_cidr_block": "false",
                            "cidr_block": "10.0.0.0/16",
                            "default_network_acl_id": "acl-0fc3739f8cabf34ce",
                            "default_route_table_id": "rtb-089b61fc5d7d996af",
                            "default_security_group_id": "sg-0ec9ba8e74388b9e6",
                            "dhcp_options_id": "dopt-214cbf4a",
                            "enable_dns_hostnames": "true",
                            "enable_dns_support": "true",
                            "id": "vpc-04a076e7eb4a5b7cf",
                            "instance_tenancy": "default",
                            "ipv6_association_id": "",
                            "ipv6_cidr_block": "",
                            "main_route_table_id": "rtb-089b61fc5d7d996af",
                            "owner_id": "892664583329",
                            "tags.%": "1",
                            "tags.Name": "demo-vpc"
                        },
                        "meta": {
                            "schema_version": "1"
                        },
                        "tainted": false
                    },
                    "deposed": [],
                    "provider": "provider.aws"
                },
                "data.aws_availability_zones.available": {
                    "type": "aws_availability_zones",
                    "depends_on": [],
                    "primary": {
                        "id": "2020-06-15 19:41:19.786252421 +0000 UTC",
                        "attributes": {
                            "group_names.#": "1",
                            "group_names.3471281331": "ap-south-1",
                            "id": "2020-06-15 19:41:19.786252421 +0000 UTC",
                            "names.#": "3",
                            "names.0": "ap-south-1a",
                            "names.1": "ap-south-1b",
                            "names.2": "ap-south-1c",
                            "zone_ids.#": "3",
                            "zone_ids.0": "aps1-az1",
                            "zone_ids.1": "aps1-az3",
                            "zone_ids.2": "aps1-az2"
                        },
                        "meta": {},
                        "tainted": false
                    },
                    "deposed": [],
                    "provider": "provider.aws"
                }
            },
            "depends_on": []
        }
    ]
}
